
Microsoft Visual Studio Solution File, Format Version 12.00
# Visual Studio Version 17
VisualStudioVersion = 17.8.34322.80
MinimumVisualStudioVersion = 10.0.40219.1
Project("{FAE04EC0-301F-11D3-BF4B-00C04F79EFBC}") = "ConsoleAppSubmission2", "ConsoleAppSubmission2\ConsoleAppSubmission2.csproj", "{6BD6CD32-7BEF-441C-8F96-6406640AF2BD}"
EndProject
Global
	GlobalSection(SolutionConfigurationPlatforms) = preSolution
		Debug|Any CPU = Debug|Any CPU
		Release|Any CPU = Release|Any CPU
	EndGlobalSection
	GlobalSection(ProjectConfigurationPlatforms) = postSolution
		{6BD6CD32-7BEF-441C-8F96-6406640AF2BD}.Debug|Any CPU.ActiveCfg = Debug|Any CPU
		{6BD6CD32-7BEF-441C-8F96-6406640AF2BD}.Debug|Any CPU.Build.0 = Debug|Any CPU
		{6BD6CD32-7BEF-441C-8F96-6406640AF2BD}.Release|Any CPU.ActiveCfg = Release|Any CPU
		{6BD6CD32-7BEF-441C-8F96-6406640AF2BD}.Release|Any CPU.Build.0 = Release|Any CPU
	EndGlobalSection
	GlobalSection(SolutionProperties) = preSolution
		HideSolutionNode = FALSE
	EndGlobalSection
	GlobalSection(ExtensibilityGlobals) = postSolution
		SolutionGuid = {E8B779C5-519A-4CF0-B66D-460400210F41}
	EndGlobalSection
EndGlobal
